
Microsoft Visual Studio Solution File, Format Version 12.00
# Visual Studio 2010
Project("{8BC9CEB8-8B4A-11D0-8D11-00A0C91BC942}") = "DllInjector", "DllInjector\DllInjector.vcxproj", "{AD4DF5B9-8D40-4F99-8642-62966BFCED2E}"
EndProject
Project("{8BC9CEB8-8B4A-11D0-8D11-00A0C91BC942}") = "eikasia", "Injectsock\vcproj-10\eikasia.vcxproj", "{3A673C91-9437-49F0-8935-CAC7039914A7}"
EndProject
Project("{8BC9CEB8-8B4A-11D0-8D11-00A0C91BC942}") = "noxdemo", "noxdemo\noxdemo.vcxproj", "{D52EE0D7-E058-4703-8B11-410DABFAB871}"
EndProject
Project("{8BC9CEB8-8B4A-11D0-8D11-00A0C91BC942}") = "noxc", "nox\noxc.vcxproj", "{7FB8EEA9-9A6A-4D45-8C99-24F0A4F9CD9B}"
EndProject
Global
	GlobalSection(SolutionConfigurationPlatforms) = preSolution
		Debug|Win32 = Debug|Win32
		Debug|x64 = Debug|x64
		Debug|x86 = Debug|x86
		Release|Win32 = Release|Win32
		Release|x64 = Release|x64
		Release|x86 = Release|x86
	EndGlobalSection
	GlobalSection(ProjectConfigurationPlatforms) = postSolution
		{AD4DF5B9-8D40-4F99-8642-62966BFCED2E}.Debug|Win32.ActiveCfg = Debug|Win32
		{AD4DF5B9-8D40-4F99-8642-62966BFCED2E}.Debug|Win32.Build.0 = Debug|Win32
		{AD4DF5B9-8D40-4F99-8642-62966BFCED2E}.Debug|x64.ActiveCfg = Debug|x64
		{AD4DF5B9-8D40-4F99-8642-62966BFCED2E}.Debug|x64.Build.0 = Debug|x64
		{AD4DF5B9-8D40-4F99-8642-62966BFCED2E}.Debug|x86.ActiveCfg = Debug|Win32
		{AD4DF5B9-8D40-4F99-8642-62966BFCED2E}.Debug|x86.Build.0 = Debug|Win32
		{AD4DF5B9-8D40-4F99-8642-62966BFCED2E}.Release|Win32.ActiveCfg = Release|Win32
		{AD4DF5B9-8D40-4F99-8642-62966BFCED2E}.Release|Win32.Build.0 = Release|Win32
		{AD4DF5B9-8D40-4F99-8642-62966BFCED2E}.Release|x64.ActiveCfg = Release|x64
		{AD4DF5B9-8D40-4F99-8642-62966BFCED2E}.Release|x64.Build.0 = Release|x64
		{AD4DF5B9-8D40-4F99-8642-62966BFCED2E}.Release|x86.ActiveCfg = Release|Win32
		{AD4DF5B9-8D40-4F99-8642-62966BFCED2E}.Release|x86.Build.0 = Release|Win32
		{3A673C91-9437-49F0-8935-CAC7039914A7}.Debug|Win32.ActiveCfg = Debug|Win32
		{3A673C91-9437-49F0-8935-CAC7039914A7}.Debug|Win32.Build.0 = Debug|Win32
		{3A673C91-9437-49F0-8935-CAC7039914A7}.Debug|x64.ActiveCfg = Debug|x64
		{3A673C91-9437-49F0-8935-CAC7039914A7}.Debug|x64.Build.0 = Debug|x64
		{3A673C91-9437-49F0-8935-CAC7039914A7}.Debug|x86.ActiveCfg = Debug|x64
		{3A673C91-9437-49F0-8935-CAC7039914A7}.Release|Win32.ActiveCfg = Release|Win32
		{3A673C91-9437-49F0-8935-CAC7039914A7}.Release|Win32.Build.0 = Release|Win32
		{3A673C91-9437-49F0-8935-CAC7039914A7}.Release|x64.ActiveCfg = Release|x64
		{3A673C91-9437-49F0-8935-CAC7039914A7}.Release|x64.Build.0 = Release|x64
		{3A673C91-9437-49F0-8935-CAC7039914A7}.Release|x86.ActiveCfg = Release|x64
		{D52EE0D7-E058-4703-8B11-410DABFAB871}.Debug|Win32.ActiveCfg = Debug|Win32
		{D52EE0D7-E058-4703-8B11-410DABFAB871}.Debug|Win32.Build.0 = Debug|Win32
		{D52EE0D7-E058-4703-8B11-410DABFAB871}.Debug|x64.ActiveCfg = Debug|Win32
		{D52EE0D7-E058-4703-8B11-410DABFAB871}.Debug|x86.ActiveCfg = Debug|Win32
		{D52EE0D7-E058-4703-8B11-410DABFAB871}.Release|Win32.ActiveCfg = Release|Win32
		{D52EE0D7-E058-4703-8B11-410DABFAB871}.Release|Win32.Build.0 = Release|Win32
		{D52EE0D7-E058-4703-8B11-410DABFAB871}.Release|x64.ActiveCfg = Release|Win32
		{D52EE0D7-E058-4703-8B11-410DABFAB871}.Release|x86.ActiveCfg = Release|Win32
		{7FB8EEA9-9A6A-4D45-8C99-24F0A4F9CD9B}.Debug|Win32.ActiveCfg = Debug|Win32
		{7FB8EEA9-9A6A-4D45-8C99-24F0A4F9CD9B}.Debug|Win32.Build.0 = Debug|Win32
		{7FB8EEA9-9A6A-4D45-8C99-24F0A4F9CD9B}.Debug|x64.ActiveCfg = Debug|Win32
		{7FB8EEA9-9A6A-4D45-8C99-24F0A4F9CD9B}.Debug|x86.ActiveCfg = Debug|Win32
		{7FB8EEA9-9A6A-4D45-8C99-24F0A4F9CD9B}.Release|Win32.ActiveCfg = Release|Win32
		{7FB8EEA9-9A6A-4D45-8C99-24F0A4F9CD9B}.Release|Win32.Build.0 = Release|Win32
		{7FB8EEA9-9A6A-4D45-8C99-24F0A4F9CD9B}.Release|x64.ActiveCfg = Release|Win32
		{7FB8EEA9-9A6A-4D45-8C99-24F0A4F9CD9B}.Release|x86.ActiveCfg = Release|Win32
	EndGlobalSection
	GlobalSection(SolutionProperties) = preSolution
		HideSolutionNode = FALSE
	EndGlobalSection
	GlobalSection(ExtensibilityGlobals) = postSolution
		SolutionGuid = {AFE91AA3-35B2-4887-A78D-2256C9141CA0}
	EndGlobalSection
EndGlobal
